// !$*UTF8*$!
{
	archiveVersion = 1;
	classes = {
	};
	objectVersion = 56;
	objects = {

/* Begin PBXBuildFile section */
		D38987A32A3F7C9B00D40C7E /* InvolucrumApp.swift in Sources */ = {isa = PBXBuildFile; fileRef = D38987A22A3F7C9B00D40C7E /* InvolucrumApp.swift */; };
		D38987A52A3F7C9B00D40C7E /* ContentView.swift in Sources */ = {isa = PBXBuildFile; fileRef = D38987A42A3F7C9B00D40C7E /* ContentView.swift */; };
		D38987A72A3F7C9C00D40C7E /* Assets.xcassets in Resources */ = {isa = PBXBuildFile; fileRef = D38987A62A3F7C9C00D40C7E /* Assets.xcassets */; };
		D38987AA2A3F7C9C00D40C7E /* Preview Assets.xcassets in Resources */ = {isa = PBXBuildFile; fileRef = D38987A92A3F7C9C00D40C7E /* Preview Assets.xcassets */; };
		D38987B32A3F7D1D00D40C7E /* NodePackage.swift in Sources */ = {isa = PBXBuildFile; fileRef = D38987B22A3F7D1D00D40C7E /* NodePackage.swift */; };
		D38987B72A3F820E00D40C7E /* PackageJson.swift in Sources */ = {isa = PBXBuildFile; fileRef = D38987B62A3F820E00D40C7E /* PackageJson.swift */; };
		D38987B92A3F907A00D40C7E /* WebView.swift in Sources */ = {isa = PBXBuildFile; fileRef = D38987B82A3F907A00D40C7E /* WebView.swift */; };
/* End PBXBuildFile section */

/* Begin PBXFileReference section */
		D389879F2A3F7C9B00D40C7E /* Involucrum.app */ = {isa = PBXFileReference; explicitFileType = wrapper.application; includeInIndex = 0; path = Involucrum.app; sourceTree = BUILT_PRODUCTS_DIR; };
		D38987A22A3F7C9B00D40C7E /* InvolucrumApp.swift */ = {isa = PBXFileReference; lastKnownFileType = sourcecode.swift; path = InvolucrumApp.swift; sourceTree = "<group>"; };
		D38987A42A3F7C9B00D40C7E /* ContentView.swift */ = {isa = PBXFileReference; lastKnownFileType = sourcecode.swift; path = ContentView.swift; sourceTree = "<group>"; };
		D38987A62A3F7C9C00D40C7E /* Assets.xcassets */ = {isa = PBXFileReference; lastKnownFileType = folder.assetcatalog; path = Assets.xcassets; sourceTree = "<group>"; };
		D38987A92A3F7C9C00D40C7E /* Preview Assets.xcassets */ = {isa = PBXFileReference; lastKnownFileType = folder.assetcatalog; path = "Preview Assets.xcassets"; sourceTree = "<group>"; };
		D38987AB2A3F7C9C00D40C7E /* Involucrum.entitlements */ = {isa = PBXFileReference; lastKnownFileType = text.plist.entitlements; path = Involucrum.entitlements; sourceTree = "<group>"; };
		D38987B22A3F7D1D00D40C7E /* NodePackage.swift */ = {isa = PBXFileReference; lastKnownFileType = sourcecode.swift; path = NodePackage.swift; sourceTree = "<group>"; };
		D38987B62A3F820E00D40C7E /* PackageJson.swift */ = {isa = PBXFileReference; fileEncoding = 4; lastKnownFileType = sourcecode.swift; path = PackageJson.swift; sourceTree = "<group>"; };
		D38987B82A3F907A00D40C7E /* WebView.swift */ = {isa = PBXFileReference; lastKnownFileType = sourcecode.swift; path = WebView.swift; sourceTree = "<group>"; };
/* End PBXFileReference section */

/* Begin PBXFrameworksBuildPhase section */
		D389879C2A3F7C9B00D40C7E /* Frameworks */ = {
			isa = PBXFrameworksBuildPhase;
			buildActionMask = 2147483647;
			files = (
			);
			runOnlyForDeploymentPostprocessing = 0;
		};
/* End PBXFrameworksBuildPhase section */

/* Begin PBXGroup section */
		D38987962A3F7C9B00D40C7E = {
			isa = PBXGroup;
			children = (
				D38987A12A3F7C9B00D40C7E /* Involucrum */,
				D38987A02A3F7C9B00D40C7E /* Products */,
			);
			sourceTree = "<group>";
		};
		D38987A02A3F7C9B00D40C7E /* Products */ = {
			isa = PBXGroup;
			children = (
				D389879F2A3F7C9B00D40C7E /* Involucrum.app */,
			);
			name = Products;
			sourceTree = "<group>";
		};
		D38987A12A3F7C9B00D40C7E /* Involucrum */ = {
			isa = PBXGroup;
			children = (
				D38987B12A3F7D0600D40C7E /* Models */,
				D38987A22A3F7C9B00D40C7E /* InvolucrumApp.swift */,
				D38987A42A3F7C9B00D40C7E /* ContentView.swift */,
				D38987A62A3F7C9C00D40C7E /* Assets.xcassets */,
				D38987AB2A3F7C9C00D40C7E /* Involucrum.entitlements */,
				D38987A82A3F7C9C00D40C7E /* Preview Content */,
				D38987B82A3F907A00D40C7E /* WebView.swift */,
			);
			path = Involucrum;
			sourceTree = "<group>";
		};
		D38987A82A3F7C9C00D40C7E /* Preview Content */ = {
			isa = PBXGroup;
			children = (
				D38987A92A3F7C9C00D40C7E /* Preview Assets.xcassets */,
			);
			path = "Preview Content";
			sourceTree = "<group>";
		};
		D38987B12A3F7D0600D40C7E /* Models */ = {
			isa = PBXGroup;
			children = (
				D38987B62A3F820E00D40C7E /* PackageJson.swift */,
				D38987B22A3F7D1D00D40C7E /* NodePackage.swift */,
			);
			path = Models;
			sourceTree = "<group>";
		};
/* End PBXGroup section */

/* Begin PBXNativeTarget section */
		D389879E2A3F7C9B00D40C7E /* Involucrum */ = {
			isa = PBXNativeTarget;
			buildConfigurationList = D38987AE2A3F7C9C00D40C7E /* Build configuration list for PBXNativeTarget "Involucrum" */;
			buildPhases = (
				D389879B2A3F7C9B00D40C7E /* Sources */,
				D389879C2A3F7C9B00D40C7E /* Frameworks */,
				D389879D2A3F7C9B00D40C7E /* Resources */,
			);
			buildRules = (
			);
			dependencies = (
			);
			name = Involucrum;
			productName = Involucrum;
			productReference = D389879F2A3F7C9B00D40C7E /* Involucrum.app */;
			productType = "com.apple.product-type.application";
		};
/* End PBXNativeTarget section */

/* Begin PBXProject section */
		D38987972A3F7C9B00D40C7E /* Project object */ = {
			isa = PBXProject;
			attributes = {
				BuildIndependentTargetsInParallel = 1;
				LastSwiftUpdateCheck = 1430;
				LastUpgradeCheck = 1430;
				TargetAttributes = {
					D389879E2A3F7C9B00D40C7E = {
						CreatedOnToolsVersion = 14.3.1;
					};
				};
			};
			buildConfigurationList = D389879A2A3F7C9B00D40C7E /* Build configuration list for PBXProject "Involucrum" */;
			compatibilityVersion = "Xcode 14.0";
			developmentRegion = en;
			hasScannedForEncodings = 0;
			knownRegions = (
				en,
				Base,
			);
			mainGroup = D38987962A3F7C9B00D40C7E;
			productRefGroup = D38987A02A3F7C9B00D40C7E /* Products */;
			projectDirPath = "";
			projectRoot = "";
			targets = (
				D389879E2A3F7C9B00D40C7E /* Involucrum */,
			);
		};
/* End PBXProject section */

/* Begin PBXResourcesBuildPhase section */
		D389879D2A3F7C9B00D40C7E /* Resources */ = {
			isa = PBXResourcesBuildPhase;
			buildActionMask = 2147483647;
			files = (
				D38987AA2A3F7C9C00D40C7E /* Preview Assets.xcassets in Resources */,
				D38987A72A3F7C9C00D40C7E /* Assets.xcassets in Resources */,
			);
			runOnlyForDeploymentPostprocessing = 0;
		};
/* End PBXResourcesBuildPhase section */

/* Begin PBXSourcesBuildPhase section */
		D389879B2A3F7C9B00D40C7E /* Sources */ = {
			isa = PBXSourcesBuildPhase;
			buildActionMask = 2147483647;
			files = (
				D38987B32A3F7D1D00D40C7E /* NodePackage.swift in Sources */,
				D38987B92A3F907A00D40C7E /* WebView.swift in Sources */,
				D38987A52A3F7C9B00D40C7E /* ContentView.swift in Sources */,
				D38987B72A3F820E00D40C7E /* PackageJson.swift in Sources */,
				D38987A32A3F7C9B00D40C7E /* InvolucrumApp.swift in Sources */,
			);
			runOnlyForDeploymentPostprocessing = 0;
		};
/* End PBXSourcesBuildPhase section */

/* Begin XCBuildConfiguration section */
		D38987AC2A3F7C9C00D40C7E /* Debug */ = {
			isa = XCBuildConfiguration;
			buildSettings = {
				ALWAYS_SEARCH_USER_PATHS = NO;
				CLANG_ANALYZER_NONNULL = YES;
				CLANG_ANALYZER_NUMBER_OBJECT_CONVERSION = YES_AGGRESSIVE;
				CLANG_CXX_LANGUAGE_STANDARD = "gnu++20";
				CLANG_ENABLE_MODULES = YES;
				CLANG_ENABLE_OBJC_ARC = YES;
				CLANG_ENABLE_OBJC_WEAK = YES;
				CLANG_WARN_BLOCK_CAPTURE_AUTORELEASING = YES;
				CLANG_WARN_BOOL_CONVERSION = YES;
				CLANG_WARN_COMMA = YES;
				CLANG_WARN_CONSTANT_CONVERSION = YES;
				CLANG_WARN_DEPRECATED_OBJC_IMPLEMENTATIONS = YES;
				CLANG_WARN_DIRECT_OBJC_ISA_USAGE = YES_ERROR;
				CLANG_WARN_DOCUMENTATION_COMMENTS = YES;
				CLANG_WARN_EMPTY_BODY = YES;
				CLANG_WARN_ENUM_CONVERSION = YES;
				CLANG_WARN_INFINITE_RECURSION = YES;
				CLANG_WARN_INT_CONVERSION = YES;
				CLANG_WARN_NON_LITERAL_NULL_CONVERSION = YES;
				CLANG_WARN_OBJC_IMPLICIT_RETAIN_SELF = YES;
				CLANG_WARN_OBJC_LITERAL_CONVERSION = YES;
				CLANG_WARN_OBJC_ROOT_CLASS = YES_ERROR;
				CLANG_WARN_QUOTED_INCLUDE_IN_FRAMEWORK_HEADER = YES;
				CLANG_WARN_RANGE_LOOP_ANALYSIS = YES;
				CLANG_WARN_STRICT_PROTOTYPES = YES;
				CLANG_WARN_SUSPICIOUS_MOVE = YES;
				CLANG_WARN_UNGUARDED_AVAILABILITY = YES_AGGRESSIVE;
				CLANG_WARN_UNREACHABLE_CODE = YES;
				CLANG_WARN__DUPLICATE_METHOD_MATCH = YES;
				COPY_PHASE_STRIP = NO;
				DEBUG_INFORMATION_FORMAT = dwarf;
				ENABLE_STRICT_OBJC_MSGSEND = YES;
				ENABLE_TESTABILITY = YES;
				GCC_C_LANGUAGE_STANDARD = gnu11;
				GCC_DYNAMIC_NO_PIC = NO;
				GCC_NO_COMMON_BLOCKS = YES;
				GCC_OPTIMIZATION_LEVEL = 0;
				GCC_PREPROCESSOR_DEFINITIONS = (
					"DEBUG=1",
					"$(inherited)",
				);
				GCC_WARN_64_TO_32_BIT_CONVERSION = YES;
				GCC_WARN_ABOUT_RETURN_TYPE = YES_ERROR;
				GCC_WARN_UNDECLARED_SELECTOR = YES;
				GCC_WARN_UNINITIALIZED_AUTOS = YES_AGGRESSIVE;
				GCC_WARN_UNUSED_FUNCTION = YES;
				GCC_WARN_UNUSED_VARIABLE = YES;
				MACOSX_DEPLOYMENT_TARGET = 13.3;
				MTL_ENABLE_DEBUG_INFO = INCLUDE_SOURCE;
				MTL_FAST_MATH = YES;
				ONLY_ACTIVE_ARCH = YES;
				SDKROOT = macosx;
				SWIFT_ACTIVE_COMPILATION_CONDITIONS = DEBUG;
				SWIFT_OPTIMIZATION_LEVEL = "-Onone";
			};
			name = Debug;
		};
		D38987AD2A3F7C9C00D40C7E /* Release */ = {
			isa = XCBuildConfiguration;
			buildSettings = {
				ALWAYS_SEARCH_USER_PATHS = NO;
				CLANG_ANALYZER_NONNULL = YES;
				CLANG_ANALYZER_NUMBER_OBJECT_CONVERSION = YES_AGGRESSIVE;
				CLANG_CXX_LANGUAGE_STANDARD = "gnu++20";
				CLANG_ENABLE_MODULES = YES;
				CLANG_ENABLE_OBJC_ARC = YES;
				CLANG_ENABLE_OBJC_WEAK = YES;
				CLANG_WARN_BLOCK_CAPTURE_AUTORELEASING = YES;
				CLANG_WARN_BOOL_CONVERSION = YES;
				CLANG_WARN_COMMA = YES;
				CLANG_WARN_CONSTANT_CONVERSION = YES;
				CLANG_WARN_DEPRECATED_OBJC_IMPLEMENTATIONS = YES;
				CLANG_WARN_DIRECT_OBJC_ISA_USAGE = YES_ERROR;
				CLANG_WARN_DOCUMENTATION_COMMENTS = YES;
				CLANG_WARN_EMPTY_BODY = YES;
				CLANG_WARN_ENUM_CONVERSION = YES;
				CLANG_WARN_INFINITE_RECURSION = YES;
				CLANG_WARN_INT_CONVERSION = YES;
				CLANG_WARN_NON_LITERAL_NULL_CONVERSION = YES;
				CLANG_WARN_OBJC_IMPLICIT_RETAIN_SELF = YES;
				CLANG_WARN_OBJC_LITERAL_CONVERSION = YES;
				CLANG_WARN_OBJC_ROOT_CLASS = YES_ERROR;
				CLANG_WARN_QUOTED_INCLUDE_IN_FRAMEWORK_HEADER = YES;
				CLANG_WARN_RANGE_LOOP_ANALYSIS = YES;
				CLANG_WARN_STRICT_PROTOTYPES = YES;
				CLANG_WARN_SUSPICIOUS_MOVE = YES;
				CLANG_WARN_UNGUARDED_AVAILABILITY = YES_AGGRESSIVE;
				CLANG_WARN_UNREACHABLE_CODE = YES;
				CLANG_WARN__DUPLICATE_METHOD_MATCH = YES;
				COPY_PHASE_STRIP = NO;
				DEBUG_INFORMATION_FORMAT = "dwarf-with-dsym";
				ENABLE_NS_ASSERTIONS = NO;
				ENABLE_STRICT_OBJC_MSGSEND = YES;
				GCC_C_LANGUAGE_STANDARD = gnu11;
				GCC_NO_COMMON_BLOCKS = YES;
				GCC_WARN_64_TO_32_BIT_CONVERSION = YES;
				GCC_WARN_ABOUT_RETURN_TYPE = YES_ERROR;
				GCC_WARN_UNDECLARED_SELECTOR = YES;
				GCC_WARN_UNINITIALIZED_AUTOS = YES_AGGRESSIVE;
				GCC_WARN_UNUSED_FUNCTION = YES;
				GCC_WARN_UNUSED_VARIABLE = YES;
				MACOSX_DEPLOYMENT_TARGET = 13.3;
				MTL_ENABLE_DEBUG_INFO = NO;
				MTL_FAST_MATH = YES;
				SDKROOT = macosx;
				SWIFT_COMPILATION_MODE = wholemodule;
				SWIFT_OPTIMIZATION_LEVEL = "-O";
			};
			name = Release;
		};
		D38987AF2A3F7C9C00D40C7E /* Debug */ = {
			isa = XCBuildConfiguration;
			buildSettings = {
				ASSETCATALOG_COMPILER_APPICON_NAME = AppIcon;
				ASSETCATALOG_COMPILER_GLOBAL_ACCENT_COLOR_NAME = AccentColor;
				ASSETCATALOG_COMPILER_INCLUDE_ALL_APPICON_ASSETS = NO;
				CODE_SIGN_ENTITLEMENTS = Involucrum/Involucrum.entitlements;
				CODE_SIGN_STYLE = Automatic;
				COMBINE_HIDPI_IMAGES = YES;
				CURRENT_PROJECT_VERSION = 1;
				DEVELOPMENT_ASSET_PATHS = "\"Involucrum/Preview Content\"";
				DEVELOPMENT_TEAM = B3DFV278UN;
				ENABLE_HARDENED_RUNTIME = YES;
				ENABLE_PREVIEWS = YES;
				GENERATE_INFOPLIST_FILE = YES;
				INFOPLIST_KEY_LSApplicationCategoryType = "public.app-category.developer-tools";
				INFOPLIST_KEY_NSHumanReadableCopyright = "";
				LD_RUNPATH_SEARCH_PATHS = (
					"$(inherited)",
					"@executable_path/../Frameworks",
				);
				MARKETING_VERSION = 1.0;
				PRODUCT_BUNDLE_IDENTIFIER = com.ghalldev.Involucrum;
				PRODUCT_NAME = "$(TARGET_NAME)";
				SWIFT_EMIT_LOC_STRINGS = YES;
				SWIFT_VERSION = 5.0;
			};
			name = Debug;
		};
		D38987B02A3F7C9C00D40C7E /* Release */ = {
			isa = XCBuildConfiguration;
			buildSettings = {
				ASSETCATALOG_COMPILER_APPICON_NAME = AppIcon;
				ASSETCATALOG_COMPILER_GLOBAL_ACCENT_COLOR_NAME = AccentColor;
				ASSETCATALOG_COMPILER_INCLUDE_ALL_APPICON_ASSETS = NO;
				CODE_SIGN_ENTITLEMENTS = Involucrum/Involucrum.entitlements;
				CODE_SIGN_STYLE = Automatic;
				COMBINE_HIDPI_IMAGES = YES;
				CURRENT_PROJECT_VERSION = 1;
				DEVELOPMENT_ASSET_PATHS = "\"Involucrum/Preview Content\"";
				DEVELOPMENT_TEAM = B3DFV278UN;
				ENABLE_HARDENED_RUNTIME = YES;
				ENABLE_PREVIEWS = YES;
				GENERATE_INFOPLIST_FILE = YES;
				INFOPLIST_KEY_LSApplicationCategoryType = "public.app-category.developer-tools";
				INFOPLIST_KEY_NSHumanReadableCopyright = "";
				LD_RUNPATH_SEARCH_PATHS = (
					"$(inherited)",
					"@executable_path/../Frameworks",
				);
				MARKETING_VERSION = 1.0;
				PRODUCT_BUNDLE_IDENTIFIER = com.ghalldev.Involucrum;
				PRODUCT_NAME = "$(TARGET_NAME)";
				SWIFT_EMIT_LOC_STRINGS = YES;
				SWIFT_VERSION = 5.0;
			};
			name = Release;
		};
/* End XCBuildConfiguration section */

/* Begin XCConfigurationList section */
		D389879A2A3F7C9B00D40C7E /* Build configuration list for PBXProject "Involucrum" */ = {
			isa = XCConfigurationList;
			buildConfigurations = (
				D38987AC2A3F7C9C00D40C7E /* Debug */,
				D38987AD2A3F7C9C00D40C7E /* Release */,
			);
			defaultConfigurationIsVisible = 0;
			defaultConfigurationName = Release;
		};
		D38987AE2A3F7C9C00D40C7E /* Build configuration list for PBXNativeTarget "Involucrum" */ = {
			isa = XCConfigurationList;
			buildConfigurations = (
				D38987AF2A3F7C9C00D40C7E /* Debug */,
				D38987B02A3F7C9C00D40C7E /* Release */,
			);
			defaultConfigurationIsVisible = 0;
			defaultConfigurationName = Release;
		};
/* End XCConfigurationList section */
	};
	rootObject = D38987972A3F7C9B00D40C7E /* Project object */;
}
